
Microsoft Visual Studio Solution File, Format Version 12.00
# Visual Studio Version 16
VisualStudioVersion = 16.0.30114.105
MinimumVisualStudioVersion = 10.0.40219.1
Project("{FAE04EC0-301F-11D3-BF4B-00C04F79EFBC}") = "BookStore-API", "BookStore-API\BookStore-API.csproj", "{C5A366DB-8AA2-4C75-914A-D4BA7E70FDBE}"
EndProject
Global
	GlobalSection(SolutionConfigurationPlatforms) = preSolution
		Debug|Any CPU = Debug|Any CPU
		Release|Any CPU = Release|Any CPU
	EndGlobalSection
	GlobalSection(ProjectConfigurationPlatforms) = postSolution
		{C5A366DB-8AA2-4C75-914A-D4BA7E70FDBE}.Debug|Any CPU.ActiveCfg = Debug|Any CPU
		{C5A366DB-8AA2-4C75-914A-D4BA7E70FDBE}.Debug|Any CPU.Build.0 = Debug|Any CPU
		{C5A366DB-8AA2-4C75-914A-D4BA7E70FDBE}.Release|Any CPU.ActiveCfg = Release|Any CPU
		{C5A366DB-8AA2-4C75-914A-D4BA7E70FDBE}.Release|Any CPU.Build.0 = Release|Any CPU
	EndGlobalSection
	GlobalSection(SolutionProperties) = preSolution
		HideSolutionNode = FALSE
	EndGlobalSection
	GlobalSection(ExtensibilityGlobals) = postSolution
		SolutionGuid = {0D9697C2-67CE-4FC8-AAE6-61135C47A232}
	EndGlobalSection
EndGlobal
